// !$*UTF8*$!
{
	archiveVersion = 1;
	classes = {
	};
	objectVersion = 56;
	objects = {

/* Begin PBXBuildFile section */
		EFB5955429AFF8630043E4D4 /* GoogleService-Info.plist in Resources */ = {isa = PBXBuildFile; fileRef = EFB5955329AFF8630043E4D4 /* GoogleService-Info.plist */; };
		EFB5955629B2C7730043E4D4 /* GroupListViewModel.swift in Sources */ = {isa = PBXBuildFile; fileRef = EFB5955529B2C7730043E4D4 /* GroupListViewModel.swift */; };
		EFB5955829B2C7BB0043E4D4 /* Group.swift in Sources */ = {isa = PBXBuildFile; fileRef = EFB5955729B2C7BB0043E4D4 /* Group.swift */; };
		EFB5955A29B2C8320043E4D4 /* User.swift in Sources */ = {isa = PBXBuildFile; fileRef = EFB5955929B2C8320043E4D4 /* User.swift */; };
		EFB5955C29B2C9220043E4D4 /* Transaction.swift in Sources */ = {isa = PBXBuildFile; fileRef = EFB5955B29B2C9220043E4D4 /* Transaction.swift */; };
		EFD4456429B7D9A1006FD20A /* AddGroupView.swift in Sources */ = {isa = PBXBuildFile; fileRef = EFD4456329B7D9A1006FD20A /* AddGroupView.swift */; };
		EFD4456629BA2A5C006FD20A /* AuthViewModel.swift in Sources */ = {isa = PBXBuildFile; fileRef = EFD4456529BA2A5C006FD20A /* AuthViewModel.swift */; };
		EFD4456829BA2B3D006FD20A /* FirebaseManager.swift in Sources */ = {isa = PBXBuildFile; fileRef = EFD4456729BA2B3D006FD20A /* FirebaseManager.swift */; };
		EFD4456B29BA355A006FD20A /* FirebaseAuth in Frameworks */ = {isa = PBXBuildFile; productRef = EFD4456A29BA355A006FD20A /* FirebaseAuth */; };
		EFD4456D29BA355A006FD20A /* FirebaseDatabase in Frameworks */ = {isa = PBXBuildFile; productRef = EFD4456C29BA355A006FD20A /* FirebaseDatabase */; };
		EFD4456F29BA355A006FD20A /* FirebaseDatabaseSwift in Frameworks */ = {isa = PBXBuildFile; productRef = EFD4456E29BA355A006FD20A /* FirebaseDatabaseSwift */; };
		EFD4457129BA355A006FD20A /* FirebaseFirestore in Frameworks */ = {isa = PBXBuildFile; productRef = EFD4457029BA355A006FD20A /* FirebaseFirestore */; };
		EFD4457329BA355A006FD20A /* FirebaseFirestoreSwift in Frameworks */ = {isa = PBXBuildFile; productRef = EFD4457229BA355A006FD20A /* FirebaseFirestoreSwift */; };
		EFD4457529BA355A006FD20A /* FirebaseFunctions in Frameworks */ = {isa = PBXBuildFile; productRef = EFD4457429BA355A006FD20A /* FirebaseFunctions */; };
		EFD4457729BA355A006FD20A /* FirebaseStorage in Frameworks */ = {isa = PBXBuildFile; productRef = EFD4457629BA355A006FD20A /* FirebaseStorage */; };
		EFD4457929BA4379006FD20A /* UsersLookupViewModel.swift in Sources */ = {isa = PBXBuildFile; fileRef = EFD4457829BA4379006FD20A /* UsersLookupViewModel.swift */; };
		EFD4457C29BA4510006FD20A /* String.swift in Sources */ = {isa = PBXBuildFile; fileRef = EFD4457B29BA4510006FD20A /* String.swift */; };
		EFD4457E29BA5AF6006FD20A /* UserSearchView.swift in Sources */ = {isa = PBXBuildFile; fileRef = EFD4457D29BA5AF6006FD20A /* UserSearchView.swift */; };
		EFD4458129BAB83B006FD20A /* Alamofire in Frameworks */ = {isa = PBXBuildFile; productRef = EFD4458029BAB83B006FD20A /* Alamofire */; };
		EFD4458329BAB969006FD20A /* Currency.swift in Sources */ = {isa = PBXBuildFile; fileRef = EFD4458229BAB969006FD20A /* Currency.swift */; };
		EFD4458529BB6FFB006FD20A /* CurrencySearchView.swift in Sources */ = {isa = PBXBuildFile; fileRef = EFD4458429BB6FFB006FD20A /* CurrencySearchView.swift */; };
		EFD4458729BB7501006FD20A /* CurrencySearchViewModel.swift in Sources */ = {isa = PBXBuildFile; fileRef = EFD4458629BB7501006FD20A /* CurrencySearchViewModel.swift */; };
		EFFCEE6929AFD74200337DD9 /* SplitSpentApp.swift in Sources */ = {isa = PBXBuildFile; fileRef = EFFCEE6829AFD74200337DD9 /* SplitSpentApp.swift */; };
		EFFCEE6B29AFD74200337DD9 /* ContentView.swift in Sources */ = {isa = PBXBuildFile; fileRef = EFFCEE6A29AFD74200337DD9 /* ContentView.swift */; };
		EFFCEE6D29AFD74500337DD9 /* Assets.xcassets in Resources */ = {isa = PBXBuildFile; fileRef = EFFCEE6C29AFD74500337DD9 /* Assets.xcassets */; };
		EFFCEE7129AFD74500337DD9 /* Preview Assets.xcassets in Resources */ = {isa = PBXBuildFile; fileRef = EFFCEE7029AFD74500337DD9 /* Preview Assets.xcassets */; };
		EFFCEE7B29AFD74500337DD9 /* SplitSpentTests.swift in Sources */ = {isa = PBXBuildFile; fileRef = EFFCEE7A29AFD74500337DD9 /* SplitSpentTests.swift */; };
		EFFCEE8529AFD74500337DD9 /* SplitSpentUITests.swift in Sources */ = {isa = PBXBuildFile; fileRef = EFFCEE8429AFD74500337DD9 /* SplitSpentUITests.swift */; };
		EFFCEE8729AFD74500337DD9 /* SplitSpentUITestsLaunchTests.swift in Sources */ = {isa = PBXBuildFile; fileRef = EFFCEE8629AFD74500337DD9 /* SplitSpentUITestsLaunchTests.swift */; };
/* End PBXBuildFile section */

/* Begin PBXContainerItemProxy section */
		EFFCEE7729AFD74500337DD9 /* PBXContainerItemProxy */ = {
			isa = PBXContainerItemProxy;
			containerPortal = EFFCEE5D29AFD74200337DD9 /* Project object */;
			proxyType = 1;
			remoteGlobalIDString = EFFCEE6429AFD74200337DD9;
			remoteInfo = SplitSpent;
		};
		EFFCEE8129AFD74500337DD9 /* PBXContainerItemProxy */ = {
			isa = PBXContainerItemProxy;
			containerPortal = EFFCEE5D29AFD74200337DD9 /* Project object */;
			proxyType = 1;
			remoteGlobalIDString = EFFCEE6429AFD74200337DD9;
			remoteInfo = SplitSpent;
		};
/* End PBXContainerItemProxy section */

/* Begin PBXFileReference section */
		EFB5955329AFF8630043E4D4 /* GoogleService-Info.plist */ = {isa = PBXFileReference; fileEncoding = 4; lastKnownFileType = text.plist.xml; path = "GoogleService-Info.plist"; sourceTree = "<group>"; };
		EFB5955529B2C7730043E4D4 /* GroupListViewModel.swift */ = {isa = PBXFileReference; lastKnownFileType = sourcecode.swift; path = GroupListViewModel.swift; sourceTree = "<group>"; };
		EFB5955729B2C7BB0043E4D4 /* Group.swift */ = {isa = PBXFileReference; lastKnownFileType = sourcecode.swift; path = Group.swift; sourceTree = "<group>"; };
		EFB5955929B2C8320043E4D4 /* User.swift */ = {isa = PBXFileReference; lastKnownFileType = sourcecode.swift; path = User.swift; sourceTree = "<group>"; };
		EFB5955B29B2C9220043E4D4 /* Transaction.swift */ = {isa = PBXFileReference; lastKnownFileType = sourcecode.swift; path = Transaction.swift; sourceTree = "<group>"; };
		EFD4456329B7D9A1006FD20A /* AddGroupView.swift */ = {isa = PBXFileReference; lastKnownFileType = sourcecode.swift; path = AddGroupView.swift; sourceTree = "<group>"; };
		EFD4456529BA2A5C006FD20A /* AuthViewModel.swift */ = {isa = PBXFileReference; lastKnownFileType = sourcecode.swift; path = AuthViewModel.swift; sourceTree = "<group>"; };
		EFD4456729BA2B3D006FD20A /* FirebaseManager.swift */ = {isa = PBXFileReference; lastKnownFileType = sourcecode.swift; path = FirebaseManager.swift; sourceTree = "<group>"; };
		EFD4457829BA4379006FD20A /* UsersLookupViewModel.swift */ = {isa = PBXFileReference; lastKnownFileType = sourcecode.swift; path = UsersLookupViewModel.swift; sourceTree = "<group>"; };
		EFD4457B29BA4510006FD20A /* String.swift */ = {isa = PBXFileReference; lastKnownFileType = sourcecode.swift; path = String.swift; sourceTree = "<group>"; };
		EFD4457D29BA5AF6006FD20A /* UserSearchView.swift */ = {isa = PBXFileReference; lastKnownFileType = sourcecode.swift; path = UserSearchView.swift; sourceTree = "<group>"; };
		EFD4458229BAB969006FD20A /* Currency.swift */ = {isa = PBXFileReference; lastKnownFileType = sourcecode.swift; path = Currency.swift; sourceTree = "<group>"; };
		EFD4458429BB6FFB006FD20A /* CurrencySearchView.swift */ = {isa = PBXFileReference; lastKnownFileType = sourcecode.swift; path = CurrencySearchView.swift; sourceTree = "<group>"; };
		EFD4458629BB7501006FD20A /* CurrencySearchViewModel.swift */ = {isa = PBXFileReference; lastKnownFileType = sourcecode.swift; path = CurrencySearchViewModel.swift; sourceTree = "<group>"; };
		EFFCEE6529AFD74200337DD9 /* SplitSpent.app */ = {isa = PBXFileReference; explicitFileType = wrapper.application; includeInIndex = 0; path = SplitSpent.app; sourceTree = BUILT_PRODUCTS_DIR; };
		EFFCEE6829AFD74200337DD9 /* SplitSpentApp.swift */ = {isa = PBXFileReference; lastKnownFileType = sourcecode.swift; path = SplitSpentApp.swift; sourceTree = "<group>"; };
		EFFCEE6A29AFD74200337DD9 /* ContentView.swift */ = {isa = PBXFileReference; lastKnownFileType = sourcecode.swift; path = ContentView.swift; sourceTree = "<group>"; };
		EFFCEE6C29AFD74500337DD9 /* Assets.xcassets */ = {isa = PBXFileReference; lastKnownFileType = folder.assetcatalog; path = Assets.xcassets; sourceTree = "<group>"; };
		EFFCEE6E29AFD74500337DD9 /* SplitSpent.entitlements */ = {isa = PBXFileReference; lastKnownFileType = text.plist.entitlements; path = SplitSpent.entitlements; sourceTree = "<group>"; };
		EFFCEE7029AFD74500337DD9 /* Preview Assets.xcassets */ = {isa = PBXFileReference; lastKnownFileType = folder.assetcatalog; path = "Preview Assets.xcassets"; sourceTree = "<group>"; };
		EFFCEE7629AFD74500337DD9 /* SplitSpentTests.xctest */ = {isa = PBXFileReference; explicitFileType = wrapper.cfbundle; includeInIndex = 0; path = SplitSpentTests.xctest; sourceTree = BUILT_PRODUCTS_DIR; };
		EFFCEE7A29AFD74500337DD9 /* SplitSpentTests.swift */ = {isa = PBXFileReference; lastKnownFileType = sourcecode.swift; path = SplitSpentTests.swift; sourceTree = "<group>"; };
		EFFCEE8029AFD74500337DD9 /* SplitSpentUITests.xctest */ = {isa = PBXFileReference; explicitFileType = wrapper.cfbundle; includeInIndex = 0; path = SplitSpentUITests.xctest; sourceTree = BUILT_PRODUCTS_DIR; };
		EFFCEE8429AFD74500337DD9 /* SplitSpentUITests.swift */ = {isa = PBXFileReference; lastKnownFileType = sourcecode.swift; path = SplitSpentUITests.swift; sourceTree = "<group>"; };
		EFFCEE8629AFD74500337DD9 /* SplitSpentUITestsLaunchTests.swift */ = {isa = PBXFileReference; lastKnownFileType = sourcecode.swift; path = SplitSpentUITestsLaunchTests.swift; sourceTree = "<group>"; };
/* End PBXFileReference section */

/* Begin PBXFrameworksBuildPhase section */
		EFFCEE6229AFD74200337DD9 /* Frameworks */ = {
			isa = PBXFrameworksBuildPhase;
			buildActionMask = 2147483647;
			files = (
				EFD4457329BA355A006FD20A /* FirebaseFirestoreSwift in Frameworks */,
				EFD4458129BAB83B006FD20A /* Alamofire in Frameworks */,
				EFD4456F29BA355A006FD20A /* FirebaseDatabaseSwift in Frameworks */,
				EFD4457129BA355A006FD20A /* FirebaseFirestore in Frameworks */,
				EFD4457529BA355A006FD20A /* FirebaseFunctions in Frameworks */,
				EFD4457729BA355A006FD20A /* FirebaseStorage in Frameworks */,
				EFD4456D29BA355A006FD20A /* FirebaseDatabase in Frameworks */,
				EFD4456B29BA355A006FD20A /* FirebaseAuth in Frameworks */,
			);
			runOnlyForDeploymentPostprocessing = 0;
		};
		EFFCEE7329AFD74500337DD9 /* Frameworks */ = {
			isa = PBXFrameworksBuildPhase;
			buildActionMask = 2147483647;
			files = (
			);
			runOnlyForDeploymentPostprocessing = 0;
		};
		EFFCEE7D29AFD74500337DD9 /* Frameworks */ = {
			isa = PBXFrameworksBuildPhase;
			buildActionMask = 2147483647;
			files = (
			);
			runOnlyForDeploymentPostprocessing = 0;
		};
/* End PBXFrameworksBuildPhase section */

/* Begin PBXGroup section */
		EFD4456229B7AC99006FD20A /* Entities */ = {
			isa = PBXGroup;
			children = (
				EFB5955729B2C7BB0043E4D4 /* Group.swift */,
				EFD4458229BAB969006FD20A /* Currency.swift */,
				EFB5955929B2C8320043E4D4 /* User.swift */,
				EFB5955B29B2C9220043E4D4 /* Transaction.swift */,
			);
			path = Entities;
			sourceTree = "<group>";
		};
		EFD4457A29BA4500006FD20A /* Extensions */ = {
			isa = PBXGroup;
			children = (
				EFD4457B29BA4510006FD20A /* String.swift */,
			);
			path = Extensions;
			sourceTree = "<group>";
		};
		EFFCEE5C29AFD74200337DD9 = {
			isa = PBXGroup;
			children = (
				EFFCEE6729AFD74200337DD9 /* SplitSpent */,
				EFFCEE7929AFD74500337DD9 /* SplitSpentTests */,
				EFFCEE8329AFD74500337DD9 /* SplitSpentUITests */,
				EFFCEE6629AFD74200337DD9 /* Products */,
			);
			sourceTree = "<group>";
		};
		EFFCEE6629AFD74200337DD9 /* Products */ = {
			isa = PBXGroup;
			children = (
				EFFCEE6529AFD74200337DD9 /* SplitSpent.app */,
				EFFCEE7629AFD74500337DD9 /* SplitSpentTests.xctest */,
				EFFCEE8029AFD74500337DD9 /* SplitSpentUITests.xctest */,
			);
			name = Products;
			sourceTree = "<group>";
		};
		EFFCEE6729AFD74200337DD9 /* SplitSpent */ = {
			isa = PBXGroup;
			children = (
				EFFCEE6829AFD74200337DD9 /* SplitSpentApp.swift */,
				EFFCEE6A29AFD74200337DD9 /* ContentView.swift */,
				EFD4457D29BA5AF6006FD20A /* UserSearchView.swift */,
				EFD4458429BB6FFB006FD20A /* CurrencySearchView.swift */,
				EFD4458629BB7501006FD20A /* CurrencySearchViewModel.swift */,
				EFD4456329B7D9A1006FD20A /* AddGroupView.swift */,
				EFD4456729BA2B3D006FD20A /* FirebaseManager.swift */,
				EFD4456529BA2A5C006FD20A /* AuthViewModel.swift */,
				EFD4457829BA4379006FD20A /* UsersLookupViewModel.swift */,
				EFB5955529B2C7730043E4D4 /* GroupListViewModel.swift */,
				EFD4457A29BA4500006FD20A /* Extensions */,
				EFD4456229B7AC99006FD20A /* Entities */,
				EFB5955329AFF8630043E4D4 /* GoogleService-Info.plist */,
				EFFCEE6C29AFD74500337DD9 /* Assets.xcassets */,
				EFFCEE6E29AFD74500337DD9 /* SplitSpent.entitlements */,
				EFFCEE6F29AFD74500337DD9 /* Preview Content */,
			);
			path = SplitSpent;
			sourceTree = "<group>";
		};
		EFFCEE6F29AFD74500337DD9 /* Preview Content */ = {
			isa = PBXGroup;
			children = (
				EFFCEE7029AFD74500337DD9 /* Preview Assets.xcassets */,
			);
			path = "Preview Content";
			sourceTree = "<group>";
		};
		EFFCEE7929AFD74500337DD9 /* SplitSpentTests */ = {
			isa = PBXGroup;
			children = (
				EFFCEE7A29AFD74500337DD9 /* SplitSpentTests.swift */,
			);
			path = SplitSpentTests;
			sourceTree = "<group>";
		};
		EFFCEE8329AFD74500337DD9 /* SplitSpentUITests */ = {
			isa = PBXGroup;
			children = (
				EFFCEE8429AFD74500337DD9 /* SplitSpentUITests.swift */,
				EFFCEE8629AFD74500337DD9 /* SplitSpentUITestsLaunchTests.swift */,
			);
			path = SplitSpentUITests;
			sourceTree = "<group>";
		};
/* End PBXGroup section */

/* Begin PBXNativeTarget section */
		EFFCEE6429AFD74200337DD9 /* SplitSpent */ = {
			isa = PBXNativeTarget;
			buildConfigurationList = EFFCEE8A29AFD74500337DD9 /* Build configuration list for PBXNativeTarget "SplitSpent" */;
			buildPhases = (
				EFFCEE6129AFD74200337DD9 /* Sources */,
				EFFCEE6229AFD74200337DD9 /* Frameworks */,
				EFFCEE6329AFD74200337DD9 /* Resources */,
			);
			buildRules = (
			);
			dependencies = (
			);
			name = SplitSpent;
			packageProductDependencies = (
				EFD4456A29BA355A006FD20A /* FirebaseAuth */,
				EFD4456C29BA355A006FD20A /* FirebaseDatabase */,
				EFD4456E29BA355A006FD20A /* FirebaseDatabaseSwift */,
				EFD4457029BA355A006FD20A /* FirebaseFirestore */,
				EFD4457229BA355A006FD20A /* FirebaseFirestoreSwift */,
				EFD4457429BA355A006FD20A /* FirebaseFunctions */,
				EFD4457629BA355A006FD20A /* FirebaseStorage */,
				EFD4458029BAB83B006FD20A /* Alamofire */,
			);
			productName = SplitSpent;
			productReference = EFFCEE6529AFD74200337DD9 /* SplitSpent.app */;
			productType = "com.apple.product-type.application";
		};
		EFFCEE7529AFD74500337DD9 /* SplitSpentTests */ = {
			isa = PBXNativeTarget;
			buildConfigurationList = EFFCEE8D29AFD74500337DD9 /* Build configuration list for PBXNativeTarget "SplitSpentTests" */;
			buildPhases = (
				EFFCEE7229AFD74500337DD9 /* Sources */,
				EFFCEE7329AFD74500337DD9 /* Frameworks */,
				EFFCEE7429AFD74500337DD9 /* Resources */,
			);
			buildRules = (
			);
			dependencies = (
				EFFCEE7829AFD74500337DD9 /* PBXTargetDependency */,
			);
			name = SplitSpentTests;
			productName = SplitSpentTests;
			productReference = EFFCEE7629AFD74500337DD9 /* SplitSpentTests.xctest */;
			productType = "com.apple.product-type.bundle.unit-test";
		};
		EFFCEE7F29AFD74500337DD9 /* SplitSpentUITests */ = {
			isa = PBXNativeTarget;
			buildConfigurationList = EFFCEE9029AFD74500337DD9 /* Build configuration list for PBXNativeTarget "SplitSpentUITests" */;
			buildPhases = (
				EFFCEE7C29AFD74500337DD9 /* Sources */,
				EFFCEE7D29AFD74500337DD9 /* Frameworks */,
				EFFCEE7E29AFD74500337DD9 /* Resources */,
			);
			buildRules = (
			);
			dependencies = (
				EFFCEE8229AFD74500337DD9 /* PBXTargetDependency */,
			);
			name = SplitSpentUITests;
			productName = SplitSpentUITests;
			productReference = EFFCEE8029AFD74500337DD9 /* SplitSpentUITests.xctest */;
			productType = "com.apple.product-type.bundle.ui-testing";
		};
/* End PBXNativeTarget section */

/* Begin PBXProject section */
		EFFCEE5D29AFD74200337DD9 /* Project object */ = {
			isa = PBXProject;
			attributes = {
				BuildIndependentTargetsInParallel = 1;
				LastSwiftUpdateCheck = 1420;
				LastUpgradeCheck = 1420;
				TargetAttributes = {
					EFFCEE6429AFD74200337DD9 = {
						CreatedOnToolsVersion = 14.2;
					};
					EFFCEE7529AFD74500337DD9 = {
						CreatedOnToolsVersion = 14.2;
						TestTargetID = EFFCEE6429AFD74200337DD9;
					};
					EFFCEE7F29AFD74500337DD9 = {
						CreatedOnToolsVersion = 14.2;
						TestTargetID = EFFCEE6429AFD74200337DD9;
					};
				};
			};
			buildConfigurationList = EFFCEE6029AFD74200337DD9 /* Build configuration list for PBXProject "SplitSpent" */;
			compatibilityVersion = "Xcode 14.0";
			developmentRegion = en;
			hasScannedForEncodings = 0;
			knownRegions = (
				en,
				Base,
			);
			mainGroup = EFFCEE5C29AFD74200337DD9;
			packageReferences = (
				EFD4456929BA355A006FD20A /* XCRemoteSwiftPackageReference "firebase-ios-sdk" */,
				EFD4457F29BAB83A006FD20A /* XCRemoteSwiftPackageReference "Alamofire" */,
			);
			productRefGroup = EFFCEE6629AFD74200337DD9 /* Products */;
			projectDirPath = "";
			projectRoot = "";
			targets = (
				EFFCEE6429AFD74200337DD9 /* SplitSpent */,
				EFFCEE7529AFD74500337DD9 /* SplitSpentTests */,
				EFFCEE7F29AFD74500337DD9 /* SplitSpentUITests */,
			);
		};
/* End PBXProject section */

/* Begin PBXResourcesBuildPhase section */
		EFFCEE6329AFD74200337DD9 /* Resources */ = {
			isa = PBXResourcesBuildPhase;
			buildActionMask = 2147483647;
			files = (
				EFFCEE7129AFD74500337DD9 /* Preview Assets.xcassets in Resources */,
				EFFCEE6D29AFD74500337DD9 /* Assets.xcassets in Resources */,
				EFB5955429AFF8630043E4D4 /* GoogleService-Info.plist in Resources */,
			);
			runOnlyForDeploymentPostprocessing = 0;
		};
		EFFCEE7429AFD74500337DD9 /* Resources */ = {
			isa = PBXResourcesBuildPhase;
			buildActionMask = 2147483647;
			files = (
			);
			runOnlyForDeploymentPostprocessing = 0;
		};
		EFFCEE7E29AFD74500337DD9 /* Resources */ = {
			isa = PBXResourcesBuildPhase;
			buildActionMask = 2147483647;
			files = (
			);
			runOnlyForDeploymentPostprocessing = 0;
		};
/* End PBXResourcesBuildPhase section */

/* Begin PBXSourcesBuildPhase section */
		EFFCEE6129AFD74200337DD9 /* Sources */ = {
			isa = PBXSourcesBuildPhase;
			buildActionMask = 2147483647;
			files = (
				EFFCEE6B29AFD74200337DD9 /* ContentView.swift in Sources */,
				EFD4458529BB6FFB006FD20A /* CurrencySearchView.swift in Sources */,
				EFD4457C29BA4510006FD20A /* String.swift in Sources */,
				EFD4457929BA4379006FD20A /* UsersLookupViewModel.swift in Sources */,
				EFD4457E29BA5AF6006FD20A /* UserSearchView.swift in Sources */,
				EFB5955629B2C7730043E4D4 /* GroupListViewModel.swift in Sources */,
				EFD4458729BB7501006FD20A /* CurrencySearchViewModel.swift in Sources */,
				EFB5955C29B2C9220043E4D4 /* Transaction.swift in Sources */,
				EFD4456829BA2B3D006FD20A /* FirebaseManager.swift in Sources */,
				EFFCEE6929AFD74200337DD9 /* SplitSpentApp.swift in Sources */,
				EFD4458329BAB969006FD20A /* Currency.swift in Sources */,
				EFD4456629BA2A5C006FD20A /* AuthViewModel.swift in Sources */,
				EFD4456429B7D9A1006FD20A /* AddGroupView.swift in Sources */,
				EFB5955A29B2C8320043E4D4 /* User.swift in Sources */,
				EFB5955829B2C7BB0043E4D4 /* Group.swift in Sources */,
			);
			runOnlyForDeploymentPostprocessing = 0;
		};
		EFFCEE7229AFD74500337DD9 /* Sources */ = {
			isa = PBXSourcesBuildPhase;
			buildActionMask = 2147483647;
			files = (
				EFFCEE7B29AFD74500337DD9 /* SplitSpentTests.swift in Sources */,
			);
			runOnlyForDeploymentPostprocessing = 0;
		};
		EFFCEE7C29AFD74500337DD9 /* Sources */ = {
			isa = PBXSourcesBuildPhase;
			buildActionMask = 2147483647;
			files = (
				EFFCEE8729AFD74500337DD9 /* SplitSpentUITestsLaunchTests.swift in Sources */,
				EFFCEE8529AFD74500337DD9 /* SplitSpentUITests.swift in Sources */,
			);
			runOnlyForDeploymentPostprocessing = 0;
		};
/* End PBXSourcesBuildPhase section */

/* Begin PBXTargetDependency section */
		EFFCEE7829AFD74500337DD9 /* PBXTargetDependency */ = {
			isa = PBXTargetDependency;
			target = EFFCEE6429AFD74200337DD9 /* SplitSpent */;
			targetProxy = EFFCEE7729AFD74500337DD9 /* PBXContainerItemProxy */;
		};
		EFFCEE8229AFD74500337DD9 /* PBXTargetDependency */ = {
			isa = PBXTargetDependency;
			target = EFFCEE6429AFD74200337DD9 /* SplitSpent */;
			targetProxy = EFFCEE8129AFD74500337DD9 /* PBXContainerItemProxy */;
		};
/* End PBXTargetDependency section */

/* Begin XCBuildConfiguration section */
		EFFCEE8829AFD74500337DD9 /* Debug */ = {
			isa = XCBuildConfiguration;
			buildSettings = {
				ALWAYS_SEARCH_USER_PATHS = NO;
				CLANG_ANALYZER_NONNULL = YES;
				CLANG_ANALYZER_NUMBER_OBJECT_CONVERSION = YES_AGGRESSIVE;
				CLANG_CXX_LANGUAGE_STANDARD = "gnu++20";
				CLANG_ENABLE_MODULES = YES;
				CLANG_ENABLE_OBJC_ARC = YES;
				CLANG_ENABLE_OBJC_WEAK = YES;
				CLANG_WARN_BLOCK_CAPTURE_AUTORELEASING = YES;
				CLANG_WARN_BOOL_CONVERSION = YES;
				CLANG_WARN_COMMA = YES;
				CLANG_WARN_CONSTANT_CONVERSION = YES;
				CLANG_WARN_DEPRECATED_OBJC_IMPLEMENTATIONS = YES;
				CLANG_WARN_DIRECT_OBJC_ISA_USAGE = YES_ERROR;
				CLANG_WARN_DOCUMENTATION_COMMENTS = YES;
				CLANG_WARN_EMPTY_BODY = YES;
				CLANG_WARN_ENUM_CONVERSION = YES;
				CLANG_WARN_INFINITE_RECURSION = YES;
				CLANG_WARN_INT_CONVERSION = YES;
				CLANG_WARN_NON_LITERAL_NULL_CONVERSION = YES;
				CLANG_WARN_OBJC_IMPLICIT_RETAIN_SELF = YES;
				CLANG_WARN_OBJC_LITERAL_CONVERSION = YES;
				CLANG_WARN_OBJC_ROOT_CLASS = YES_ERROR;
				CLANG_WARN_QUOTED_INCLUDE_IN_FRAMEWORK_HEADER = YES;
				CLANG_WARN_RANGE_LOOP_ANALYSIS = YES;
				CLANG_WARN_STRICT_PROTOTYPES = YES;
				CLANG_WARN_SUSPICIOUS_MOVE = YES;
				CLANG_WARN_UNGUARDED_AVAILABILITY = YES_AGGRESSIVE;
				CLANG_WARN_UNREACHABLE_CODE = YES;
				CLANG_WARN__DUPLICATE_METHOD_MATCH = YES;
				COPY_PHASE_STRIP = NO;
				DEBUG_INFORMATION_FORMAT = dwarf;
				ENABLE_STRICT_OBJC_MSGSEND = YES;
				ENABLE_TESTABILITY = YES;
				GCC_C_LANGUAGE_STANDARD = gnu11;
				GCC_DYNAMIC_NO_PIC = NO;
				GCC_NO_COMMON_BLOCKS = YES;
				GCC_OPTIMIZATION_LEVEL = 0;
				GCC_PREPROCESSOR_DEFINITIONS = (
					"DEBUG=1",
					"$(inherited)",
				);
				GCC_WARN_64_TO_32_BIT_CONVERSION = YES;
				GCC_WARN_ABOUT_RETURN_TYPE = YES_ERROR;
				GCC_WARN_UNDECLARED_SELECTOR = YES;
				GCC_WARN_UNINITIALIZED_AUTOS = YES_AGGRESSIVE;
				GCC_WARN_UNUSED_FUNCTION = YES;
				GCC_WARN_UNUSED_VARIABLE = YES;
				MTL_ENABLE_DEBUG_INFO = INCLUDE_SOURCE;
				MTL_FAST_MATH = YES;
				ONLY_ACTIVE_ARCH = YES;
				SWIFT_ACTIVE_COMPILATION_CONDITIONS = DEBUG;
				SWIFT_OPTIMIZATION_LEVEL = "-Onone";
			};
			name = Debug;
		};
		EFFCEE8929AFD74500337DD9 /* Release */ = {
			isa = XCBuildConfiguration;
			buildSettings = {
				ALWAYS_SEARCH_USER_PATHS = NO;
				CLANG_ANALYZER_NONNULL = YES;
				CLANG_ANALYZER_NUMBER_OBJECT_CONVERSION = YES_AGGRESSIVE;
				CLANG_CXX_LANGUAGE_STANDARD = "gnu++20";
				CLANG_ENABLE_MODULES = YES;
				CLANG_ENABLE_OBJC_ARC = YES;
				CLANG_ENABLE_OBJC_WEAK = YES;
				CLANG_WARN_BLOCK_CAPTURE_AUTORELEASING = YES;
				CLANG_WARN_BOOL_CONVERSION = YES;
				CLANG_WARN_COMMA = YES;
				CLANG_WARN_CONSTANT_CONVERSION = YES;
				CLANG_WARN_DEPRECATED_OBJC_IMPLEMENTATIONS = YES;
				CLANG_WARN_DIRECT_OBJC_ISA_USAGE = YES_ERROR;
				CLANG_WARN_DOCUMENTATION_COMMENTS = YES;
				CLANG_WARN_EMPTY_BODY = YES;
				CLANG_WARN_ENUM_CONVERSION = YES;
				CLANG_WARN_INFINITE_RECURSION = YES;
				CLANG_WARN_INT_CONVERSION = YES;
				CLANG_WARN_NON_LITERAL_NULL_CONVERSION = YES;
				CLANG_WARN_OBJC_IMPLICIT_RETAIN_SELF = YES;
				CLANG_WARN_OBJC_LITERAL_CONVERSION = YES;
				CLANG_WARN_OBJC_ROOT_CLASS = YES_ERROR;
				CLANG_WARN_QUOTED_INCLUDE_IN_FRAMEWORK_HEADER = YES;
				CLANG_WARN_RANGE_LOOP_ANALYSIS = YES;
				CLANG_WARN_STRICT_PROTOTYPES = YES;
				CLANG_WARN_SUSPICIOUS_MOVE = YES;
				CLANG_WARN_UNGUARDED_AVAILABILITY = YES_AGGRESSIVE;
				CLANG_WARN_UNREACHABLE_CODE = YES;
				CLANG_WARN__DUPLICATE_METHOD_MATCH = YES;
				COPY_PHASE_STRIP = NO;
				DEBUG_INFORMATION_FORMAT = "dwarf-with-dsym";
				ENABLE_NS_ASSERTIONS = NO;
				ENABLE_STRICT_OBJC_MSGSEND = YES;
				GCC_C_LANGUAGE_STANDARD = gnu11;
				GCC_NO_COMMON_BLOCKS = YES;
				GCC_WARN_64_TO_32_BIT_CONVERSION = YES;
				GCC_WARN_ABOUT_RETURN_TYPE = YES_ERROR;
				GCC_WARN_UNDECLARED_SELECTOR = YES;
				GCC_WARN_UNINITIALIZED_AUTOS = YES_AGGRESSIVE;
				GCC_WARN_UNUSED_FUNCTION = YES;
				GCC_WARN_UNUSED_VARIABLE = YES;
				MTL_ENABLE_DEBUG_INFO = NO;
				MTL_FAST_MATH = YES;
				SWIFT_COMPILATION_MODE = wholemodule;
				SWIFT_OPTIMIZATION_LEVEL = "-O";
			};
			name = Release;
		};
		EFFCEE8B29AFD74500337DD9 /* Debug */ = {
			isa = XCBuildConfiguration;
			buildSettings = {
				ASSETCATALOG_COMPILER_APPICON_NAME = AppIcon;
				ASSETCATALOG_COMPILER_GLOBAL_ACCENT_COLOR_NAME = AccentColor;
				CODE_SIGN_ENTITLEMENTS = SplitSpent/SplitSpent.entitlements;
				CODE_SIGN_STYLE = Automatic;
				CURRENT_PROJECT_VERSION = 1;
				DEVELOPMENT_ASSET_PATHS = "\"SplitSpent/Preview Content\"";
				ENABLE_PREVIEWS = YES;
				GENERATE_INFOPLIST_FILE = YES;
				"INFOPLIST_KEY_UIApplicationSceneManifest_Generation[sdk=iphoneos*]" = YES;
				"INFOPLIST_KEY_UIApplicationSceneManifest_Generation[sdk=iphonesimulator*]" = YES;
				"INFOPLIST_KEY_UIApplicationSupportsIndirectInputEvents[sdk=iphoneos*]" = YES;
				"INFOPLIST_KEY_UIApplicationSupportsIndirectInputEvents[sdk=iphonesimulator*]" = YES;
				"INFOPLIST_KEY_UILaunchScreen_Generation[sdk=iphoneos*]" = YES;
				"INFOPLIST_KEY_UILaunchScreen_Generation[sdk=iphonesimulator*]" = YES;
				"INFOPLIST_KEY_UIStatusBarStyle[sdk=iphoneos*]" = UIStatusBarStyleDefault;
				"INFOPLIST_KEY_UIStatusBarStyle[sdk=iphonesimulator*]" = UIStatusBarStyleDefault;
				INFOPLIST_KEY_UISupportedInterfaceOrientations = "UIInterfaceOrientationLandscapeLeft UIInterfaceOrientationLandscapeRight UIInterfaceOrientationPortrait";
				INFOPLIST_KEY_UISupportedInterfaceOrientations_iPad = "UIInterfaceOrientationLandscapeLeft UIInterfaceOrientationLandscapeRight UIInterfaceOrientationPortrait UIInterfaceOrientationPortraitUpsideDown";
				IPHONEOS_DEPLOYMENT_TARGET = 16.0;
				LD_RUNPATH_SEARCH_PATHS = "@executable_path/Frameworks";
				"LD_RUNPATH_SEARCH_PATHS[sdk=macosx*]" = "@executable_path/../Frameworks";
				MACOSX_DEPLOYMENT_TARGET = 13.1;
				MARKETING_VERSION = 1.0;
				PRODUCT_BUNDLE_IDENTIFIER = com.devchallengetask.SplitSpent;
				PRODUCT_NAME = "$(TARGET_NAME)";
				SDKROOT = auto;
				SUPPORTED_PLATFORMS = "iphoneos iphonesimulator macosx";
				SWIFT_EMIT_LOC_STRINGS = YES;
				SWIFT_VERSION = 5.0;
				TARGETED_DEVICE_FAMILY = "1,2";
			};
			name = Debug;
		};
		EFFCEE8C29AFD74500337DD9 /* Release */ = {
			isa = XCBuildConfiguration;
			buildSettings = {
				ASSETCATALOG_COMPILER_APPICON_NAME = AppIcon;
				ASSETCATALOG_COMPILER_GLOBAL_ACCENT_COLOR_NAME = AccentColor;
				CODE_SIGN_ENTITLEMENTS = SplitSpent/SplitSpent.entitlements;
				CODE_SIGN_STYLE = Automatic;
				CURRENT_PROJECT_VERSION = 1;
				DEVELOPMENT_ASSET_PATHS = "\"SplitSpent/Preview Content\"";
				ENABLE_PREVIEWS = YES;
				GENERATE_INFOPLIST_FILE = YES;
				"INFOPLIST_KEY_UIApplicationSceneManifest_Generation[sdk=iphoneos*]" = YES;
				"INFOPLIST_KEY_UIApplicationSceneManifest_Generation[sdk=iphonesimulator*]" = YES;
				"INFOPLIST_KEY_UIApplicationSupportsIndirectInputEvents[sdk=iphoneos*]" = YES;
				"INFOPLIST_KEY_UIApplicationSupportsIndirectInputEvents[sdk=iphonesimulator*]" = YES;
				"INFOPLIST_KEY_UILaunchScreen_Generation[sdk=iphoneos*]" = YES;
				"INFOPLIST_KEY_UILaunchScreen_Generation[sdk=iphonesimulator*]" = YES;
				"INFOPLIST_KEY_UIStatusBarStyle[sdk=iphoneos*]" = UIStatusBarStyleDefault;
				"INFOPLIST_KEY_UIStatusBarStyle[sdk=iphonesimulator*]" = UIStatusBarStyleDefault;
				INFOPLIST_KEY_UISupportedInterfaceOrientations = "UIInterfaceOrientationLandscapeLeft UIInterfaceOrientationLandscapeRight UIInterfaceOrientationPortrait";
				INFOPLIST_KEY_UISupportedInterfaceOrientations_iPad = "UIInterfaceOrientationLandscapeLeft UIInterfaceOrientationLandscapeRight UIInterfaceOrientationPortrait UIInterfaceOrientationPortraitUpsideDown";
				IPHONEOS_DEPLOYMENT_TARGET = 16.0;
				LD_RUNPATH_SEARCH_PATHS = "@executable_path/Frameworks";
				"LD_RUNPATH_SEARCH_PATHS[sdk=macosx*]" = "@executable_path/../Frameworks";
				MACOSX_DEPLOYMENT_TARGET = 13.1;
				MARKETING_VERSION = 1.0;
				PRODUCT_BUNDLE_IDENTIFIER = com.devchallengetask.SplitSpent;
				PRODUCT_NAME = "$(TARGET_NAME)";
				SDKROOT = auto;
				SUPPORTED_PLATFORMS = "iphoneos iphonesimulator macosx";
				SWIFT_EMIT_LOC_STRINGS = YES;
				SWIFT_VERSION = 5.0;
				TARGETED_DEVICE_FAMILY = "1,2";
			};
			name = Release;
		};
		EFFCEE8E29AFD74500337DD9 /* Debug */ = {
			isa = XCBuildConfiguration;
			buildSettings = {
				ALWAYS_EMBED_SWIFT_STANDARD_LIBRARIES = YES;
				BUNDLE_LOADER = "$(TEST_HOST)";
				CODE_SIGN_STYLE = Automatic;
				CURRENT_PROJECT_VERSION = 1;
				GENERATE_INFOPLIST_FILE = YES;
				IPHONEOS_DEPLOYMENT_TARGET = 16.2;
				MACOSX_DEPLOYMENT_TARGET = 13.1;
				MARKETING_VERSION = 1.0;
				PRODUCT_BUNDLE_IDENTIFIER = com.devchallengetask.SplitSpentTests;
				PRODUCT_NAME = "$(TARGET_NAME)";
				SDKROOT = auto;
				SUPPORTED_PLATFORMS = "iphoneos iphonesimulator macosx";
				SWIFT_EMIT_LOC_STRINGS = NO;
				SWIFT_VERSION = 5.0;
				TARGETED_DEVICE_FAMILY = "1,2";
				TEST_HOST = "$(BUILT_PRODUCTS_DIR)/SplitSpent.app/$(BUNDLE_EXECUTABLE_FOLDER_PATH)/SplitSpent";
			};
			name = Debug;
		};
		EFFCEE8F29AFD74500337DD9 /* Release */ = {
			isa = XCBuildConfiguration;
			buildSettings = {
				ALWAYS_EMBED_SWIFT_STANDARD_LIBRARIES = YES;
				BUNDLE_LOADER = "$(TEST_HOST)";
				CODE_SIGN_STYLE = Automatic;
				CURRENT_PROJECT_VERSION = 1;
				GENERATE_INFOPLIST_FILE = YES;
				IPHONEOS_DEPLOYMENT_TARGET = 16.2;
				MACOSX_DEPLOYMENT_TARGET = 13.1;
				MARKETING_VERSION = 1.0;
				PRODUCT_BUNDLE_IDENTIFIER = com.devchallengetask.SplitSpentTests;
				PRODUCT_NAME = "$(TARGET_NAME)";
				SDKROOT = auto;
				SUPPORTED_PLATFORMS = "iphoneos iphonesimulator macosx";
				SWIFT_EMIT_LOC_STRINGS = NO;
				SWIFT_VERSION = 5.0;
				TARGETED_DEVICE_FAMILY = "1,2";
				TEST_HOST = "$(BUILT_PRODUCTS_DIR)/SplitSpent.app/$(BUNDLE_EXECUTABLE_FOLDER_PATH)/SplitSpent";
			};
			name = Release;
		};
		EFFCEE9129AFD74500337DD9 /* Debug */ = {
			isa = XCBuildConfiguration;
			buildSettings = {
				ALWAYS_EMBED_SWIFT_STANDARD_LIBRARIES = YES;
				CODE_SIGN_STYLE = Automatic;
				CURRENT_PROJECT_VERSION = 1;
				GENERATE_INFOPLIST_FILE = YES;
				IPHONEOS_DEPLOYMENT_TARGET = 16.2;
				MACOSX_DEPLOYMENT_TARGET = 13.1;
				MARKETING_VERSION = 1.0;
				PRODUCT_BUNDLE_IDENTIFIER = com.devchallengetask.SplitSpentUITests;
				PRODUCT_NAME = "$(TARGET_NAME)";
				SDKROOT = auto;
				SUPPORTED_PLATFORMS = "iphoneos iphonesimulator macosx";
				SWIFT_EMIT_LOC_STRINGS = NO;
				SWIFT_VERSION = 5.0;
				TARGETED_DEVICE_FAMILY = "1,2";
				TEST_TARGET_NAME = SplitSpent;
			};
			name = Debug;
		};
		EFFCEE9229AFD74500337DD9 /* Release */ = {
			isa = XCBuildConfiguration;
			buildSettings = {
				ALWAYS_EMBED_SWIFT_STANDARD_LIBRARIES = YES;
				CODE_SIGN_STYLE = Automatic;
				CURRENT_PROJECT_VERSION = 1;
				GENERATE_INFOPLIST_FILE = YES;
				IPHONEOS_DEPLOYMENT_TARGET = 16.2;
				MACOSX_DEPLOYMENT_TARGET = 13.1;
				MARKETING_VERSION = 1.0;
				PRODUCT_BUNDLE_IDENTIFIER = com.devchallengetask.SplitSpentUITests;
				PRODUCT_NAME = "$(TARGET_NAME)";
				SDKROOT = auto;
				SUPPORTED_PLATFORMS = "iphoneos iphonesimulator macosx";
				SWIFT_EMIT_LOC_STRINGS = NO;
				SWIFT_VERSION = 5.0;
				TARGETED_DEVICE_FAMILY = "1,2";
				TEST_TARGET_NAME = SplitSpent;
			};
			name = Release;
		};
/* End XCBuildConfiguration section */

/* Begin XCConfigurationList section */
		EFFCEE6029AFD74200337DD9 /* Build configuration list for PBXProject "SplitSpent" */ = {
			isa = XCConfigurationList;
			buildConfigurations = (
				EFFCEE8829AFD74500337DD9 /* Debug */,
				EFFCEE8929AFD74500337DD9 /* Release */,
			);
			defaultConfigurationIsVisible = 0;
			defaultConfigurationName = Release;
		};
		EFFCEE8A29AFD74500337DD9 /* Build configuration list for PBXNativeTarget "SplitSpent" */ = {
			isa = XCConfigurationList;
			buildConfigurations = (
				EFFCEE8B29AFD74500337DD9 /* Debug */,
				EFFCEE8C29AFD74500337DD9 /* Release */,
			);
			defaultConfigurationIsVisible = 0;
			defaultConfigurationName = Release;
		};
		EFFCEE8D29AFD74500337DD9 /* Build configuration list for PBXNativeTarget "SplitSpentTests" */ = {
			isa = XCConfigurationList;
			buildConfigurations = (
				EFFCEE8E29AFD74500337DD9 /* Debug */,
				EFFCEE8F29AFD74500337DD9 /* Release */,
			);
			defaultConfigurationIsVisible = 0;
			defaultConfigurationName = Release;
		};
		EFFCEE9029AFD74500337DD9 /* Build configuration list for PBXNativeTarget "SplitSpentUITests" */ = {
			isa = XCConfigurationList;
			buildConfigurations = (
				EFFCEE9129AFD74500337DD9 /* Debug */,
				EFFCEE9229AFD74500337DD9 /* Release */,
			);
			defaultConfigurationIsVisible = 0;
			defaultConfigurationName = Release;
		};
/* End XCConfigurationList section */

/* Begin XCRemoteSwiftPackageReference section */
		EFD4456929BA355A006FD20A /* XCRemoteSwiftPackageReference "firebase-ios-sdk" */ = {
			isa = XCRemoteSwiftPackageReference;
			repositoryURL = "https://github.com/firebase/firebase-ios-sdk.git";
			requirement = {
				kind = upToNextMajorVersion;
				minimumVersion = 9.0.0;
			};
		};
		EFD4457F29BAB83A006FD20A /* XCRemoteSwiftPackageReference "Alamofire" */ = {
			isa = XCRemoteSwiftPackageReference;
			repositoryURL = "https://github.com/Alamofire/Alamofire";
			requirement = {
				kind = upToNextMajorVersion;
				minimumVersion = 5.0.0;
			};
		};
/* End XCRemoteSwiftPackageReference section */

/* Begin XCSwiftPackageProductDependency section */
		EFD4456A29BA355A006FD20A /* FirebaseAuth */ = {
			isa = XCSwiftPackageProductDependency;
			package = EFD4456929BA355A006FD20A /* XCRemoteSwiftPackageReference "firebase-ios-sdk" */;
			productName = FirebaseAuth;
		};
		EFD4456C29BA355A006FD20A /* FirebaseDatabase */ = {
			isa = XCSwiftPackageProductDependency;
			package = EFD4456929BA355A006FD20A /* XCRemoteSwiftPackageReference "firebase-ios-sdk" */;
			productName = FirebaseDatabase;
		};
		EFD4456E29BA355A006FD20A /* FirebaseDatabaseSwift */ = {
			isa = XCSwiftPackageProductDependency;
			package = EFD4456929BA355A006FD20A /* XCRemoteSwiftPackageReference "firebase-ios-sdk" */;
			productName = FirebaseDatabaseSwift;
		};
		EFD4457029BA355A006FD20A /* FirebaseFirestore */ = {
			isa = XCSwiftPackageProductDependency;
			package = EFD4456929BA355A006FD20A /* XCRemoteSwiftPackageReference "firebase-ios-sdk" */;
			productName = FirebaseFirestore;
		};
		EFD4457229BA355A006FD20A /* FirebaseFirestoreSwift */ = {
			isa = XCSwiftPackageProductDependency;
			package = EFD4456929BA355A006FD20A /* XCRemoteSwiftPackageReference "firebase-ios-sdk" */;
			productName = FirebaseFirestoreSwift;
		};
		EFD4457429BA355A006FD20A /* FirebaseFunctions */ = {
			isa = XCSwiftPackageProductDependency;
			package = EFD4456929BA355A006FD20A /* XCRemoteSwiftPackageReference "firebase-ios-sdk" */;
			productName = FirebaseFunctions;
		};
		EFD4457629BA355A006FD20A /* FirebaseStorage */ = {
			isa = XCSwiftPackageProductDependency;
			package = EFD4456929BA355A006FD20A /* XCRemoteSwiftPackageReference "firebase-ios-sdk" */;
			productName = FirebaseStorage;
		};
		EFD4458029BAB83B006FD20A /* Alamofire */ = {
			isa = XCSwiftPackageProductDependency;
			package = EFD4457F29BAB83A006FD20A /* XCRemoteSwiftPackageReference "Alamofire" */;
			productName = Alamofire;
		};
/* End XCSwiftPackageProductDependency section */
	};
	rootObject = EFFCEE5D29AFD74200337DD9 /* Project object */;
}
